
Microsoft Visual Studio Solution File, Format Version 12.00
# Visual Studio Version 16
VisualStudioVersion = 16.0.31729.503
MinimumVisualStudioVersion = 10.0.40219.1
Project("{D2ABAB84-BF74-430A-B69E-9DC6D40DDA17}") = "OLAP_REPORT_CUBE_TH", "OLAP_REPORT_CUBE_TH\OLAP_REPORT_CUBE_TH.dwproj", "{2212111E-4095-4967-92E8-BCEE4567019B}"
EndProject
Global
	GlobalSection(SolutionConfigurationPlatforms) = preSolution
		Development|Default = Development|Default
	EndGlobalSection
	GlobalSection(ProjectConfigurationPlatforms) = postSolution
		{2212111E-4095-4967-92E8-BCEE4567019B}.Development|Default.ActiveCfg = Development
		{2212111E-4095-4967-92E8-BCEE4567019B}.Development|Default.Build.0 = Development
		{2212111E-4095-4967-92E8-BCEE4567019B}.Development|Default.Deploy.0 = Development
	EndGlobalSection
	GlobalSection(SolutionProperties) = preSolution
		HideSolutionNode = FALSE
	EndGlobalSection
	GlobalSection(ExtensibilityGlobals) = postSolution
		SolutionGuid = {587852C7-FFF2-403D-A6DA-A27A7433E6D4}
	EndGlobalSection
EndGlobal
